{
	"name": "demo-a",
	"version": "1.0.0",
	"lockfileVersion": 1,
	"requires": true,
	"dependencies": {
		"jdialog": {
			"version": "1.0.1",
			"resolved": "https://registry.npmjs.org/jdialog/-/jdialog-1.0.1.tgz",
			"integrity": "sha512-HJ1gdmD2pecECStxdMEf8jPLmmVfylcpN8YtvnZewAFJubw55N7WDq/+PbzM2flzXGJ1JKEkdx+atigLOmUC5w==",
			"dev": true
		}
	}
}
